
Microsoft Visual Studio Solution File, Format Version 12.00
# Visual Studio Version 16
VisualStudioVersion = 16.0.31004.235
MinimumVisualStudioVersion = 10.0.40219.1
Project("{9A19103F-16F7-4668-BE54-9A1E7A4F7556}") = "WhipWeb", "WhipWeb\WhipWeb.csproj", "{802EE8CC-ED4F-4220-A43A-559BFA20F8F8}"
EndProject
Project("{9A19103F-16F7-4668-BE54-9A1E7A4F7556}") = "DataProcessor", "DataProcessor\DataProcessor.csproj", "{A55B3D25-C68B-4325-AEE8-28C2F9346E68}"
EndProject
Global
	GlobalSection(SolutionConfigurationPlatforms) = preSolution
		Debug|Any CPU = Debug|Any CPU
		Release|Any CPU = Release|Any CPU
	EndGlobalSection
	GlobalSection(ProjectConfigurationPlatforms) = postSolution
		{802EE8CC-ED4F-4220-A43A-559BFA20F8F8}.Debug|Any CPU.ActiveCfg = Debug|Any CPU
		{802EE8CC-ED4F-4220-A43A-559BFA20F8F8}.Debug|Any CPU.Build.0 = Debug|Any CPU
		{802EE8CC-ED4F-4220-A43A-559BFA20F8F8}.Release|Any CPU.ActiveCfg = Release|Any CPU
		{802EE8CC-ED4F-4220-A43A-559BFA20F8F8}.Release|Any CPU.Build.0 = Release|Any CPU
		{A55B3D25-C68B-4325-AEE8-28C2F9346E68}.Debug|Any CPU.ActiveCfg = Debug|Any CPU
		{A55B3D25-C68B-4325-AEE8-28C2F9346E68}.Debug|Any CPU.Build.0 = Debug|Any CPU
		{A55B3D25-C68B-4325-AEE8-28C2F9346E68}.Release|Any CPU.ActiveCfg = Release|Any CPU
		{A55B3D25-C68B-4325-AEE8-28C2F9346E68}.Release|Any CPU.Build.0 = Release|Any CPU
	EndGlobalSection
	GlobalSection(SolutionProperties) = preSolution
		HideSolutionNode = FALSE
	EndGlobalSection
	GlobalSection(ExtensibilityGlobals) = postSolution
		SolutionGuid = {B1E2E404-4ED7-4441-9EAA-89B3ECACBBA4}
	EndGlobalSection
EndGlobal
